
Microsoft Visual Studio Solution File, Format Version 12.00
# Visual Studio 15
VisualStudioVersion = 15.0.27130.2024
MinimumVisualStudioVersion = 10.0.40219.1
Project("{FAE04EC0-301F-11D3-BF4B-00C04F79EFBC}") = "FargoConnectSdkExampleDotNet452", "DotNet-4.5.2\FargoConnectSdkExampleDotNet452.csproj", "{A509E20A-BAB5-4F77-B609-20D1D3B62691}"
EndProject
Project("{FAE04EC0-301F-11D3-BF4B-00C04F79EFBC}") = "SuccessTest", "UnitTestProject1\SuccessTest.csproj", "{B254231C-1372-48A0-9850-76FB286E3EB1}"
EndProject
Project("{FAE04EC0-301F-11D3-BF4B-00C04F79EFBC}") = "ExceptionTest", "ExceptionTest\ExceptionTest.csproj", "{DF950D48-D6EB-4DC9-A880-03AC9E35BF49}"
EndProject
Global
	GlobalSection(SolutionConfigurationPlatforms) = preSolution
		Debug|Any CPU = Debug|Any CPU
		Release|Any CPU = Release|Any CPU
	EndGlobalSection
	GlobalSection(ProjectConfigurationPlatforms) = postSolution
		{A509E20A-BAB5-4F77-B609-20D1D3B62691}.Debug|Any CPU.ActiveCfg = Debug|Any CPU
		{A509E20A-BAB5-4F77-B609-20D1D3B62691}.Debug|Any CPU.Build.0 = Debug|Any CPU
		{A509E20A-BAB5-4F77-B609-20D1D3B62691}.Release|Any CPU.ActiveCfg = Release|Any CPU
		{A509E20A-BAB5-4F77-B609-20D1D3B62691}.Release|Any CPU.Build.0 = Release|Any CPU
		{B254231C-1372-48A0-9850-76FB286E3EB1}.Debug|Any CPU.ActiveCfg = Debug|Any CPU
		{B254231C-1372-48A0-9850-76FB286E3EB1}.Debug|Any CPU.Build.0 = Debug|Any CPU
		{B254231C-1372-48A0-9850-76FB286E3EB1}.Release|Any CPU.ActiveCfg = Release|Any CPU
		{B254231C-1372-48A0-9850-76FB286E3EB1}.Release|Any CPU.Build.0 = Release|Any CPU
		{DF950D48-D6EB-4DC9-A880-03AC9E35BF49}.Debug|Any CPU.ActiveCfg = Debug|Any CPU
		{DF950D48-D6EB-4DC9-A880-03AC9E35BF49}.Debug|Any CPU.Build.0 = Debug|Any CPU
		{DF950D48-D6EB-4DC9-A880-03AC9E35BF49}.Release|Any CPU.ActiveCfg = Release|Any CPU
		{DF950D48-D6EB-4DC9-A880-03AC9E35BF49}.Release|Any CPU.Build.0 = Release|Any CPU
	EndGlobalSection
	GlobalSection(SolutionProperties) = preSolution
		HideSolutionNode = FALSE
	EndGlobalSection
	GlobalSection(ExtensibilityGlobals) = postSolution
		SolutionGuid = {CAC1FF54-CBC9-4405-B566-0744AD2964A2}
	EndGlobalSection
EndGlobal
